
Microsoft Visual Studio Solution File, Format Version 12.00
# Visual Studio Version 16
VisualStudioVersion = 16.0.29503.13
MinimumVisualStudioVersion = 10.0.40219.1
Project("{9A19103F-16F7-4668-BE54-9A1E7A4F7556}") = "GitHub Data Collector", "GitHub Data Collector.csproj", "{AD214B08-A32C-49C9-9BC7-76C4AD755C7D}"
EndProject
Project("{FAE04EC0-301F-11D3-BF4B-00C04F79EFBC}") = "GitHubRankWeb", "..\GitHubRankWeb\GitHubRankWeb.csproj", "{73884A18-5EF3-477A-A62F-8D4D26617BC2}"
EndProject
Global
	GlobalSection(SolutionConfigurationPlatforms) = preSolution
		Debug|Any CPU = Debug|Any CPU
		Release|Any CPU = Release|Any CPU
	EndGlobalSection
	GlobalSection(ProjectConfigurationPlatforms) = postSolution
		{AD214B08-A32C-49C9-9BC7-76C4AD755C7D}.Debug|Any CPU.ActiveCfg = Debug|Any CPU
		{AD214B08-A32C-49C9-9BC7-76C4AD755C7D}.Release|Any CPU.ActiveCfg = Release|Any CPU
		{AD214B08-A32C-49C9-9BC7-76C4AD755C7D}.Release|Any CPU.Build.0 = Release|Any CPU
		{73884A18-5EF3-477A-A62F-8D4D26617BC2}.Debug|Any CPU.ActiveCfg = Debug|Any CPU
		{73884A18-5EF3-477A-A62F-8D4D26617BC2}.Debug|Any CPU.Build.0 = Debug|Any CPU
		{73884A18-5EF3-477A-A62F-8D4D26617BC2}.Release|Any CPU.ActiveCfg = Release|Any CPU
		{73884A18-5EF3-477A-A62F-8D4D26617BC2}.Release|Any CPU.Build.0 = Release|Any CPU
	EndGlobalSection
	GlobalSection(SolutionProperties) = preSolution
		HideSolutionNode = FALSE
	EndGlobalSection
	GlobalSection(ExtensibilityGlobals) = postSolution
		SolutionGuid = {C04136ED-3A25-4839-A1EF-087B092FEA91}
	EndGlobalSection
EndGlobal
